
Microsoft Visual Studio Solution File, Format Version 12.00
# Visual Studio Version 16
VisualStudioVersion = 16.0.31105.61
MinimumVisualStudioVersion = 10.0.40219.1
Project("{FAE04EC0-301F-11D3-BF4B-00C04F79EFBC}") = "CrmBL", "CrmBL\CrmBL.csproj", "{B27C7004-2D79-4391-BDA2-15AF54C8F30F}"
EndProject
Project("{FAE04EC0-301F-11D3-BF4B-00C04F79EFBC}") = "CrmUI", "CrmUI\CrmUI.csproj", "{21A17AEF-4119-4C9F-A875-1B58AC0FEBDE}"
EndProject
Global
	GlobalSection(SolutionConfigurationPlatforms) = preSolution
		Debug|Any CPU = Debug|Any CPU
		Release|Any CPU = Release|Any CPU
	EndGlobalSection
	GlobalSection(ProjectConfigurationPlatforms) = postSolution
		{B27C7004-2D79-4391-BDA2-15AF54C8F30F}.Debug|Any CPU.ActiveCfg = Debug|Any CPU
		{B27C7004-2D79-4391-BDA2-15AF54C8F30F}.Debug|Any CPU.Build.0 = Debug|Any CPU
		{B27C7004-2D79-4391-BDA2-15AF54C8F30F}.Release|Any CPU.ActiveCfg = Release|Any CPU
		{B27C7004-2D79-4391-BDA2-15AF54C8F30F}.Release|Any CPU.Build.0 = Release|Any CPU
		{21A17AEF-4119-4C9F-A875-1B58AC0FEBDE}.Debug|Any CPU.ActiveCfg = Debug|Any CPU
		{21A17AEF-4119-4C9F-A875-1B58AC0FEBDE}.Debug|Any CPU.Build.0 = Debug|Any CPU
		{21A17AEF-4119-4C9F-A875-1B58AC0FEBDE}.Release|Any CPU.ActiveCfg = Release|Any CPU
		{21A17AEF-4119-4C9F-A875-1B58AC0FEBDE}.Release|Any CPU.Build.0 = Release|Any CPU
	EndGlobalSection
	GlobalSection(SolutionProperties) = preSolution
		HideSolutionNode = FALSE
	EndGlobalSection
	GlobalSection(ExtensibilityGlobals) = postSolution
		SolutionGuid = {64FFF90C-A40B-440B-A446-76630880DFED}
	EndGlobalSection
EndGlobal
